PODS:
  - device_info_plus (0.0.1):
    - Flutter
  - Flutter (1.0.0)
  - FlutterPluginRegistrant (0.0.1):
    - device_info_plus
    - Flutter
    - permission_handler_apple
  - permission_handler_apple (9.3.0):
    - Flutter

DEPENDENCIES:
  - device_info_plus (from `../uiflutter/.ios/.symlinks/plugins/device_info_plus/ios`)
  - Flutter (from `../uiflutter/.ios/Flutter`)
  - FlutterPluginRegistrant (from `../uiflutter/.ios/Flutter/FlutterPluginRegistrant`)
  - permission_handler_apple (from `../uiflutter/.ios/.symlinks/plugins/permission_handler_apple/ios`)

EXTERNAL SOURCES:
  device_info_plus:
    :path: "../uiflutter/.ios/.symlinks/plugins/device_info_plus/ios"
  Flutter:
    :path: "../uiflutter/.ios/Flutter"
  FlutterPluginRegistrant:
    :path: "../uiflutter/.ios/Flutter/FlutterPluginRegistrant"
  permission_handler_apple:
    :path: "../uiflutter/.ios/.symlinks/plugins/permission_handler_apple/ios"

SPEC CHECKSUMS:
  device_info_plus: 21fcca2080fbcd348be798aa36c3e5ed849eefbe
  Flutter: cabc95a1d2626b1b06e7179b784ebcf0c0cde467
  FlutterPluginRegistrant: 66f0635a728d6316a7550e8f3b649def1453d1ee
  permission_handler_apple: 4ed2196e43d0651e8ff7ca3483a069d469701f2d

PODFILE CHECKSUM: 0d71e22f01ae1ba2e612fd6e24b33efb27640ee4

COCOAPODS: 1.16.2
